
Microsoft Visual Studio Solution File, Format Version 11.00
# Visual Studio 2010
Project("{8BC9CEB8-8B4A-11D0-8D11-00A0C91BC942}") = "test_common", "test_common\test_common.vcxproj", "{F12F34B8-F5E5-4546-92FC-314F4B760556}"
EndProject
Project("{8BC9CEB8-8B4A-11D0-8D11-00A0C91BC942}") = "test_md5", "test_md5\test_md5.vcxproj", "{B19E6CD0-9485-67B8-3FDE-33A0F0E3344E}"
EndProject
Project("{8BC9CEB8-8B4A-11D0-8D11-00A0C91BC942}") = "test_curl", "test_curl\test_curl.vcxproj", "{39E16D88-FDEC-C783-A55D-C299D3E5AFDD}"
EndProject
Project("{8BC9CEB8-8B4A-11D0-8D11-00A0C91BC942}") = "test_zlib", "test_zlib\test_zlib.vcxproj", "{F3BAA7D2-DB37-EEBF-5055-8C4EA3083885}"
EndProject
Project("{8BC9CEB8-8B4A-11D0-8D11-00A0C91BC942}") = "test_unqlite", "test_unqlite\test_unqlite.vcxproj", "{7A25536E-48E7-EC4A-23B0-C529C150F64E}"
EndProject
Global
	GlobalSection(SolutionConfigurationPlatforms) = preSolution
		Debug|Win32 = Debug|Win32
		Release|Win32 = Release|Win32
	EndGlobalSection
	GlobalSection(ProjectConfigurationPlatforms) = postSolution
		{F12F34B8-F5E5-4546-92FC-314F4B760556}.Debug|Win32.ActiveCfg = Debug|Win32
		{F12F34B8-F5E5-4546-92FC-314F4B760556}.Debug|Win32.Build.0 = Debug|Win32
		{F12F34B8-F5E5-4546-92FC-314F4B760556}.Release|Win32.ActiveCfg = Release|Win32
		{F12F34B8-F5E5-4546-92FC-314F4B760556}.Release|Win32.Build.0 = Release|Win32
		{B19E6CD0-9485-67B8-3FDE-33A0F0E3344E}.Debug|Win32.ActiveCfg = Debug|Win32
		{B19E6CD0-9485-67B8-3FDE-33A0F0E3344E}.Debug|Win32.Build.0 = Debug|Win32
		{B19E6CD0-9485-67B8-3FDE-33A0F0E3344E}.Release|Win32.ActiveCfg = Release|Win32
		{B19E6CD0-9485-67B8-3FDE-33A0F0E3344E}.Release|Win32.Build.0 = Release|Win32
		{39E16D88-FDEC-C783-A55D-C299D3E5AFDD}.Debug|Win32.ActiveCfg = Debug|Win32
		{39E16D88-FDEC-C783-A55D-C299D3E5AFDD}.Debug|Win32.Build.0 = Debug|Win32
		{39E16D88-FDEC-C783-A55D-C299D3E5AFDD}.Release|Win32.ActiveCfg = Release|Win32
		{39E16D88-FDEC-C783-A55D-C299D3E5AFDD}.Release|Win32.Build.0 = Release|Win32
		{F3BAA7D2-DB37-EEBF-5055-8C4EA3083885}.Debug|Win32.ActiveCfg = Debug|Win32
		{F3BAA7D2-DB37-EEBF-5055-8C4EA3083885}.Debug|Win32.Build.0 = Debug|Win32
		{F3BAA7D2-DB37-EEBF-5055-8C4EA3083885}.Release|Win32.ActiveCfg = Release|Win32
		{F3BAA7D2-DB37-EEBF-5055-8C4EA3083885}.Release|Win32.Build.0 = Release|Win32
		{7A25536E-48E7-EC4A-23B0-C529C150F64E}.Debug|Win32.ActiveCfg = Debug|Win32
		{7A25536E-48E7-EC4A-23B0-C529C150F64E}.Debug|Win32.Build.0 = Debug|Win32
		{7A25536E-48E7-EC4A-23B0-C529C150F64E}.Release|Win32.ActiveCfg = Release|Win32
		{7A25536E-48E7-EC4A-23B0-C529C150F64E}.Release|Win32.Build.0 = Release|Win32
	EndGlobalSection
	GlobalSection(SolutionProperties) = preSolution
		HideSolutionNode = FALSE
	EndGlobalSection
EndGlobal
