
Microsoft Visual Studio Solution File, Format Version 11.00
# Visual Studio 2010
Project("{8BC9CEB8-8B4A-11D0-8D11-00A0C91BC942}") = "test_common", "test_common\test_common.vcxproj", "{F12F34B8-F5E5-4546-92FC-314F4B760556}"
EndProject
Global
	GlobalSection(SolutionConfigurationPlatforms) = preSolution
		Debug|Win32 = Debug|Win32
		Release|Win32 = Release|Win32
	EndGlobalSection
	GlobalSection(ProjectConfigurationPlatforms) = postSolution
		{F12F34B8-F5E5-4546-92FC-314F4B760556}.Debug|Win32.ActiveCfg = Debug|Win32
		{F12F34B8-F5E5-4546-92FC-314F4B760556}.Debug|Win32.Build.0 = Debug|Win32
		{F12F34B8-F5E5-4546-92FC-314F4B760556}.Release|Win32.ActiveCfg = Release|Win32
		{F12F34B8-F5E5-4546-92FC-314F4B760556}.Release|Win32.Build.0 = Release|Win32
	EndGlobalSection
	GlobalSection(SolutionProperties) = preSolution
		HideSolutionNode = FALSE
	EndGlobalSection
EndGlobal
