<?xml version="1.0" encoding="utf-8"?>
<Project ToolsVersion="4.0" xmlns="http://schemas.microsoft.com/developer/msbuild/2003">
  <ItemGroup>
    <Filter Include="源文件">
      <UniqueIdentifier>{829C6971-FACF-40FF-975C-82A580E1D218}</UniqueIdentifier>
      <Extensions>cpp;c;cc;cxx;def;odl;idl;hpj;bat;asm;asmx</Extensions>
    </Filter>
    <Filter Include="头文件">
      <UniqueIdentifier>{F422739D-966F-439A-9E1A-CB89129AC6A8}</UniqueIdentifier>
      <Extensions>h;hpp;hxx;hm;inl;inc;xsd</Extensions>
    </Filter>
    <Filter Include="资源文件">
      <UniqueIdentifier>{12751C83-76ED-42F8-A596-4098F8F66535}</UniqueIdentifier>
      <Extensions>rc;ico;cur;bmp;dlg;rc2;rct;bin;rgs;gif;jpg;jpeg;jpe;resx;tiff;tif;png;wav;mfcribbon-ms</Extensions>
    </Filter>
  </ItemGroup>
  <ItemGroup>
    <ClInclude Include="stdafx.h">
      <Filter>头文件</Filter>
    </ClInclude>
    <ClInclude Include="targetver.h">
      <Filter>头文件</Filter>
    </ClInclude>
    <ClInclude Include="exports.h">
      <Filter>头文件</Filter>
    </ClInclude>
    <ClInclude Include="wnd_flash.h">
      <Filter>头文件</Filter>
    </ClInclude>
    <ClInclude Include="flash_event.h">
      <Filter>头文件</Filter>
    </ClInclude>
    <ClInclude Include="ext_api_xml.h">
      <Filter>头文件</Filter>
    </ClInclude>
    <ClInclude Include="wnd_flash_impl.h">
      <Filter>头文件</Filter>
    </ClInclude>
    <ClInclude Include="resource.h">
      <Filter>头文件</Filter>
    </ClInclude>
  </ItemGroup>
  <ItemGroup>
    <ClCompile Include="stdafx.cpp">
      <Filter>源文件</Filter>
    </ClCompile>
    <ClCompile Include="dllmain.cpp">
      <Filter>源文件</Filter>
    </ClCompile>
    <ClCompile Include="wnd_flash.cpp">
      <Filter>源文件</Filter>
    </ClCompile>
    <ClCompile Include="flash_event.cpp">
      <Filter>源文件</Filter>
    </ClCompile>
    <ClCompile Include="ext_api_xml.cpp">
      <Filter>源文件</Filter>
    </ClCompile>
    <ClCompile Include="wnd_flash_impl.cpp">
      <Filter>源文件</Filter>
    </ClCompile>
  </ItemGroup>
  <ItemGroup>
    <ResourceCompile Include="w2x_flash.rc">
      <Filter>资源文件</Filter>
    </ResourceCompile>
  </ItemGroup>
</Project>