
Microsoft Visual Studio Solution File, Format Version 11.00
# Visual Studio 2010
Project("{8BC9CEB8-8B4A-11D0-8D11-00A0C91BC942}") = "test_common", "test\test_common\test_common.vcxproj", "{F12F34B8-F5E5-4546-92FC-314F4B760556}"
EndProject
Project("{8BC9CEB8-8B4A-11D0-8D11-00A0C91BC942}") = "test_curl", "test\test_curl\test_curl.vcxproj", "{72B46D99-3C92-3108-C2BD-E286F830190C}"
EndProject
Project("{8BC9CEB8-8B4A-11D0-8D11-00A0C91BC942}") = "test_md5", "test\test_md5\test_md5.vcxproj", "{E5E9D035-3C7E-4CCB-9DEB-7DE76E86FFAF}"
EndProject
Project("{8BC9CEB8-8B4A-11D0-8D11-00A0C91BC942}") = "test_unqlite", "test\test_unqlite\test_unqlite.vcxproj", "{4C6C9AF6-479A-DFED-395E-BBC07DABEDA4}"
EndProject
Project("{8BC9CEB8-8B4A-11D0-8D11-00A0C91BC942}") = "test_zlib", "test\test_zlib\test_zlib.vcxproj", "{5010F747-A56D-D44D-F72F-2C535E7D8B69}"
EndProject
Project("{8BC9CEB8-8B4A-11D0-8D11-00A0C91BC942}") = "test_xzip", "test\test_xzip\test_xzip.vcxproj", "{AC25D8F4-8913-6935-A38B-06486938E2A1}"
EndProject
Project("{8BC9CEB8-8B4A-11D0-8D11-00A0C91BC942}") = "test_rapidxml", "test\test_rapidxml\test_rapidxml.vcxproj", "{4109E54D-643E-735E-E882-D1CA87164CF6}"
EndProject
Project("{8BC9CEB8-8B4A-11D0-8D11-00A0C91BC942}") = "test_flash", "test\test_flash\test_flash.vcxproj", "{2A261E31-743F-46D8-BDDA-93C22F82C24E}"
EndProject
Global
	GlobalSection(SolutionConfigurationPlatforms) = preSolution
		Debug|Win32 = Debug|Win32
		Release|Win32 = Release|Win32
	EndGlobalSection
	GlobalSection(ProjectConfigurationPlatforms) = postSolution
		{F12F34B8-F5E5-4546-92FC-314F4B760556}.Debug|Win32.ActiveCfg = Debug|Win32
		{F12F34B8-F5E5-4546-92FC-314F4B760556}.Debug|Win32.Build.0 = Debug|Win32
		{F12F34B8-F5E5-4546-92FC-314F4B760556}.Release|Win32.ActiveCfg = Release|Win32
		{F12F34B8-F5E5-4546-92FC-314F4B760556}.Release|Win32.Build.0 = Release|Win32
		{72B46D99-3C92-3108-C2BD-E286F830190C}.Debug|Win32.ActiveCfg = Debug|Win32
		{72B46D99-3C92-3108-C2BD-E286F830190C}.Debug|Win32.Build.0 = Debug|Win32
		{72B46D99-3C92-3108-C2BD-E286F830190C}.Release|Win32.ActiveCfg = Release|Win32
		{72B46D99-3C92-3108-C2BD-E286F830190C}.Release|Win32.Build.0 = Release|Win32
		{E5E9D035-3C7E-4CCB-9DEB-7DE76E86FFAF}.Debug|Win32.ActiveCfg = Debug|Win32
		{E5E9D035-3C7E-4CCB-9DEB-7DE76E86FFAF}.Debug|Win32.Build.0 = Debug|Win32
		{E5E9D035-3C7E-4CCB-9DEB-7DE76E86FFAF}.Release|Win32.ActiveCfg = Release|Win32
		{E5E9D035-3C7E-4CCB-9DEB-7DE76E86FFAF}.Release|Win32.Build.0 = Release|Win32
		{4C6C9AF6-479A-DFED-395E-BBC07DABEDA4}.Debug|Win32.ActiveCfg = Debug|Win32
		{4C6C9AF6-479A-DFED-395E-BBC07DABEDA4}.Debug|Win32.Build.0 = Debug|Win32
		{4C6C9AF6-479A-DFED-395E-BBC07DABEDA4}.Release|Win32.ActiveCfg = Release|Win32
		{4C6C9AF6-479A-DFED-395E-BBC07DABEDA4}.Release|Win32.Build.0 = Release|Win32
		{5010F747-A56D-D44D-F72F-2C535E7D8B69}.Debug|Win32.ActiveCfg = Debug|Win32
		{5010F747-A56D-D44D-F72F-2C535E7D8B69}.Debug|Win32.Build.0 = Debug|Win32
		{5010F747-A56D-D44D-F72F-2C535E7D8B69}.Release|Win32.ActiveCfg = Release|Win32
		{5010F747-A56D-D44D-F72F-2C535E7D8B69}.Release|Win32.Build.0 = Release|Win32
		{AC25D8F4-8913-6935-A38B-06486938E2A1}.Debug|Win32.ActiveCfg = Debug|Win32
		{AC25D8F4-8913-6935-A38B-06486938E2A1}.Debug|Win32.Build.0 = Debug|Win32
		{AC25D8F4-8913-6935-A38B-06486938E2A1}.Release|Win32.ActiveCfg = Release|Win32
		{AC25D8F4-8913-6935-A38B-06486938E2A1}.Release|Win32.Build.0 = Release|Win32
		{4109E54D-643E-735E-E882-D1CA87164CF6}.Debug|Win32.ActiveCfg = Debug|Win32
		{4109E54D-643E-735E-E882-D1CA87164CF6}.Debug|Win32.Build.0 = Debug|Win32
		{4109E54D-643E-735E-E882-D1CA87164CF6}.Release|Win32.ActiveCfg = Release|Win32
		{4109E54D-643E-735E-E882-D1CA87164CF6}.Release|Win32.Build.0 = Release|Win32
		{2A261E31-743F-46D8-BDDA-93C22F82C24E}.Debug|Win32.ActiveCfg = Debug|Win32
		{2A261E31-743F-46D8-BDDA-93C22F82C24E}.Debug|Win32.Build.0 = Debug|Win32
		{2A261E31-743F-46D8-BDDA-93C22F82C24E}.Release|Win32.ActiveCfg = Release|Win32
		{2A261E31-743F-46D8-BDDA-93C22F82C24E}.Release|Win32.Build.0 = Release|Win32
	EndGlobalSection
	GlobalSection(SolutionProperties) = preSolution
		HideSolutionNode = FALSE
	EndGlobalSection
EndGlobal
