
Microsoft Visual Studio Solution File, Format Version 11.00
# Visual Studio 2010
Project("{8BC9CEB8-8B4A-11D0-8D11-00A0C91BC942}") = "w2x_common", "src\w2x_common\w2x_common.vcxproj", "{ECBACAC8-7894-4E26-9309-037BF4B7C938}"
EndProject
Project("{8BC9CEB8-8B4A-11D0-8D11-00A0C91BC942}") = "w2x_network", "src\w2x_network\w2x_network.vcxproj", "{1677EE2E-8080-4D25-9E8F-4AD6F8463390}"
	ProjectSection(ProjectDependencies) = postProject
		{ECBACAC8-7894-4E26-9309-037BF4B7C938} = {ECBACAC8-7894-4E26-9309-037BF4B7C938}
	EndProjectSection
EndProject
Project("{8BC9CEB8-8B4A-11D0-8D11-00A0C91BC942}") = "w2x_flash", "src\w2x_flash\w2x_flash.vcxproj", "{7441DC26-8639-48C3-A861-37C36BC97E44}"
	ProjectSection(ProjectDependencies) = postProject
		{ECBACAC8-7894-4E26-9309-037BF4B7C938} = {ECBACAC8-7894-4E26-9309-037BF4B7C938}
	EndProjectSection
EndProject
Project("{8BC9CEB8-8B4A-11D0-8D11-00A0C91BC942}") = "w2x_cef", "src\w2x_cef\w2x_cef.vcxproj", "{4EC1A179-6BF5-408E-812E-302F4255725C}"
	ProjectSection(ProjectDependencies) = postProject
		{ECBACAC8-7894-4E26-9309-037BF4B7C938} = {ECBACAC8-7894-4E26-9309-037BF4B7C938}
	EndProjectSection
EndProject
Global
	GlobalSection(SolutionConfigurationPlatforms) = preSolution
		Debug|Win32 = Debug|Win32
		Release|Win32 = Release|Win32
	EndGlobalSection
	GlobalSection(ProjectConfigurationPlatforms) = postSolution
		{ECBACAC8-7894-4E26-9309-037BF4B7C938}.Debug|Win32.ActiveCfg = Debug|Win32
		{ECBACAC8-7894-4E26-9309-037BF4B7C938}.Debug|Win32.Build.0 = Debug|Win32
		{ECBACAC8-7894-4E26-9309-037BF4B7C938}.Release|Win32.ActiveCfg = Release|Win32
		{ECBACAC8-7894-4E26-9309-037BF4B7C938}.Release|Win32.Build.0 = Release|Win32
		{1677EE2E-8080-4D25-9E8F-4AD6F8463390}.Debug|Win32.ActiveCfg = Debug|Win32
		{1677EE2E-8080-4D25-9E8F-4AD6F8463390}.Debug|Win32.Build.0 = Debug|Win32
		{1677EE2E-8080-4D25-9E8F-4AD6F8463390}.Release|Win32.ActiveCfg = Release|Win32
		{1677EE2E-8080-4D25-9E8F-4AD6F8463390}.Release|Win32.Build.0 = Release|Win32
		{7441DC26-8639-48C3-A861-37C36BC97E44}.Debug|Win32.ActiveCfg = Debug|Win32
		{7441DC26-8639-48C3-A861-37C36BC97E44}.Debug|Win32.Build.0 = Debug|Win32
		{7441DC26-8639-48C3-A861-37C36BC97E44}.Release|Win32.ActiveCfg = Release|Win32
		{7441DC26-8639-48C3-A861-37C36BC97E44}.Release|Win32.Build.0 = Release|Win32
		{4EC1A179-6BF5-408E-812E-302F4255725C}.Debug|Win32.ActiveCfg = Debug|Win32
		{4EC1A179-6BF5-408E-812E-302F4255725C}.Debug|Win32.Build.0 = Debug|Win32
		{4EC1A179-6BF5-408E-812E-302F4255725C}.Release|Win32.ActiveCfg = Release|Win32
		{4EC1A179-6BF5-408E-812E-302F4255725C}.Release|Win32.Build.0 = Release|Win32
	EndGlobalSection
	GlobalSection(SolutionProperties) = preSolution
		HideSolutionNode = FALSE
	EndGlobalSection
EndGlobal
