
Microsoft Visual Studio Solution File, Format Version 11.00
# Visual Studio 2010
Project("{8BC9CEB8-8B4A-11D0-8D11-00A0C91BC942}") = "main", "source\main\main.vcxproj", "{DA12F2A1-3F24-4DF2-BBD2-D97E9E50C27D}"
	ProjectSection(ProjectDependencies) = postProject
		{F255C1C7-F091-426E-B7FF-6B4A92D4B392} = {F255C1C7-F091-426E-B7FF-6B4A92D4B392}
	EndProjectSection
EndProject
Project("{8BC9CEB8-8B4A-11D0-8D11-00A0C91BC942}") = "common", "source\common\common.vcxproj", "{F255C1C7-F091-426E-B7FF-6B4A92D4B392}"
EndProject
Project("{8BC9CEB8-8B4A-11D0-8D11-00A0C91BC942}") = "test_common", "test\test_common\test_common.vcxproj", "{F12F34B8-F5E5-4546-92FC-314F4B760556}"
	ProjectSection(ProjectDependencies) = postProject
		{F255C1C7-F091-426E-B7FF-6B4A92D4B392} = {F255C1C7-F091-426E-B7FF-6B4A92D4B392}
	EndProjectSection
EndProject
Global
	GlobalSection(SolutionConfigurationPlatforms) = preSolution
		Debug|Win32 = Debug|Win32
		Release|Win32 = Release|Win32
	EndGlobalSection
	GlobalSection(ProjectConfigurationPlatforms) = postSolution
		{DA12F2A1-3F24-4DF2-BBD2-D97E9E50C27D}.Debug|Win32.ActiveCfg = Debug|Win32
		{DA12F2A1-3F24-4DF2-BBD2-D97E9E50C27D}.Debug|Win32.Build.0 = Debug|Win32
		{DA12F2A1-3F24-4DF2-BBD2-D97E9E50C27D}.Release|Win32.ActiveCfg = Release|Win32
		{DA12F2A1-3F24-4DF2-BBD2-D97E9E50C27D}.Release|Win32.Build.0 = Release|Win32
		{F255C1C7-F091-426E-B7FF-6B4A92D4B392}.Debug|Win32.ActiveCfg = Debug|Win32
		{F255C1C7-F091-426E-B7FF-6B4A92D4B392}.Debug|Win32.Build.0 = Debug|Win32
		{F255C1C7-F091-426E-B7FF-6B4A92D4B392}.Release|Win32.ActiveCfg = Release|Win32
		{F255C1C7-F091-426E-B7FF-6B4A92D4B392}.Release|Win32.Build.0 = Release|Win32
		{F12F34B8-F5E5-4546-92FC-314F4B760556}.Debug|Win32.ActiveCfg = Debug|Win32
		{F12F34B8-F5E5-4546-92FC-314F4B760556}.Debug|Win32.Build.0 = Debug|Win32
		{F12F34B8-F5E5-4546-92FC-314F4B760556}.Release|Win32.ActiveCfg = Release|Win32
		{F12F34B8-F5E5-4546-92FC-314F4B760556}.Release|Win32.Build.0 = Release|Win32
	EndGlobalSection
	GlobalSection(SolutionProperties) = preSolution
		HideSolutionNode = FALSE
	EndGlobalSection
EndGlobal
